<Solution>
  <Folder Name="/Collections/">
    <File Path="Answers.md" />
    <Project Path="ExtensionMethods/ExtensionMethods.csproj" Id="b589a388-8b57-46e4-8437-242ce22f9f20" />
  </Folder>
  <Folder Name="/Generics/">
    <Project Path="Generics/Generics.csproj" Id="9a1cede0-305f-472d-85d9-78c469de6313" />
  </Folder>
  <Folder Name="/Refacoring/">
    <Project Path="Refactoring/Part1/Part1.csproj" />
    <Project Path="Refactoring/Part2/Part2.csproj" />
    <Project Path="Refactoring/Part3/Part3.csproj" />
  </Folder>
  <Folder Name="/Solution Items/">
    <File Path=".gitignore" />
  </Folder>
</Solution>
